
Microsoft Visual Studio Solution File, Format Version 12.00
# Visual Studio Version 16
VisualStudioVersion = 16.0.29728.190
MinimumVisualStudioVersion = 10.0.40219.1
Project("{FAE04EC0-301F-11D3-BF4B-00C04F79EFBC}") = "FizzBuzz", "FizzBuzz\FizzBuzz.csproj", "{EBA2E498-233F-465C-9526-8FE7936C62BB}"
EndProject
Global
	GlobalSection(SolutionConfigurationPlatforms) = preSolution
		Debug|Any CPU = Debug|Any CPU
		Release|Any CPU = Release|Any CPU
	EndGlobalSection
	GlobalSection(ProjectConfigurationPlatforms) = postSolution
		{EBA2E498-233F-465C-9526-8FE7936C62BB}.Debug|Any CPU.ActiveCfg = Debug|Any CPU
		{EBA2E498-233F-465C-9526-8FE7936C62BB}.Debug|Any CPU.Build.0 = Debug|Any CPU
		{EBA2E498-233F-465C-9526-8FE7936C62BB}.Release|Any CPU.ActiveCfg = Release|Any CPU
		{EBA2E498-233F-465C-9526-8FE7936C62BB}.Release|Any CPU.Build.0 = Release|Any CPU
	EndGlobalSection
	GlobalSection(SolutionProperties) = preSolution
		HideSolutionNode = FALSE
	EndGlobalSection
	GlobalSection(ExtensibilityGlobals) = postSolution
		SolutionGuid = {C2483150-93A9-4EFC-B98B-CF680E75615C}
	EndGlobalSection
EndGlobal
